--- 
specs: 
- rake: 
    version: 0.8.7
- activesupport: 
    version: 2.3.8
- rack: 
    version: 1.1.0
- actionpack: 
    version: 2.3.8
- actionmailer: 
    version: 2.3.8
- activerecord: 
    version: 2.3.8
- activeresource: 
    version: 2.3.8
- authlogic: 
    version: 2.1.5
- haml: 
    version: 3.0.17
- compass: 
    version: 0.10.4
- daemons: 
    version: 1.1.0
- eventmachine: 
    version: 0.12.10
- friendly_id: 
    version: 3.0.6
- rails: 
    version: 2.3.8
- thin: 
    version: 1.2.7
hash: 6d31b36ef59c1e5c553760f040020ba68a39eef3
sources: 
- Rubygems: 
    uri: http://gemcutter.org
dependencies: 
  compass: 
    version: = 0.10.4
    group: 
    - :default
  rails: 
    version: = 2.3.8
    group: 
    - :default
  haml: 
    version: = 3.0.17
    group: 
    - :default
  thin: 
    version: = 1.2.7
    group: 
    - :default
  authlogic: 
    version: = 2.1.5
    group: 
    - :default
  friendly_id: 
    version: = 3.0.6
    group: 
    - :default
